
Microsoft Visual Studio Solution File, Format Version 12.00
# Visual Studio 15
VisualStudioVersion = 15.0.28306.52
MinimumVisualStudioVersion = 10.0.40219.1
Project("{FAE04EC0-301F-11D3-BF4B-00C04F79EFBC}") = "C64SampleApp", "C64SampleApp\C64SampleApp.csproj", "{624B7DEF-9EB2-46A4-BD18-80352B009851}"
EndProject
Project("{FAE04EC0-301F-11D3-BF4B-00C04F79EFBC}") = "C64AdoNetSample", "..\C64AdoNetSample\C64AdoNetSample\C64AdoNetSample.csproj", "{90366CB6-71B7-41E1-B18E-1144D611B9A8}"
EndProject
Global
	GlobalSection(SolutionConfigurationPlatforms) = preSolution
		Debug|Any CPU = Debug|Any CPU
		Release|Any CPU = Release|Any CPU
	EndGlobalSection
	GlobalSection(ProjectConfigurationPlatforms) = postSolution
		{624B7DEF-9EB2-46A4-BD18-80352B009851}.Debug|Any CPU.ActiveCfg = Debug|Any CPU
		{624B7DEF-9EB2-46A4-BD18-80352B009851}.Debug|Any CPU.Build.0 = Debug|Any CPU
		{624B7DEF-9EB2-46A4-BD18-80352B009851}.Release|Any CPU.ActiveCfg = Release|Any CPU
		{624B7DEF-9EB2-46A4-BD18-80352B009851}.Release|Any CPU.Build.0 = Release|Any CPU
		{90366CB6-71B7-41E1-B18E-1144D611B9A8}.Debug|Any CPU.ActiveCfg = Debug|Any CPU
		{90366CB6-71B7-41E1-B18E-1144D611B9A8}.Debug|Any CPU.Build.0 = Debug|Any CPU
		{90366CB6-71B7-41E1-B18E-1144D611B9A8}.Release|Any CPU.ActiveCfg = Release|Any CPU
		{90366CB6-71B7-41E1-B18E-1144D611B9A8}.Release|Any CPU.Build.0 = Release|Any CPU
	EndGlobalSection
	GlobalSection(SolutionProperties) = preSolution
		HideSolutionNode = FALSE
	EndGlobalSection
	GlobalSection(ExtensibilityGlobals) = postSolution
		SolutionGuid = {25FEC557-3A09-4CAE-8CEB-831ED84173BB}
	EndGlobalSection
EndGlobal
